# This file is autogenerated, do not edit; changes may be undone by the next 'dep ensure'.


[[projects]]
  branch = "master"
  digest = "1:cdb42f163b76e5e12a03f33b40343da84a586ae5d72af92dbcc09d36b47f4a76"
  name = "github.com/achiku/varfmt"
  packages = ["."]
  pruneopts = ""
  revision = "f820e1efecee3c7b75ef5b95e4481af31bf143c5"

[[projects]]
  branch = "master"
  digest = "1:a74730e052a45a3fab1d310fdef2ec17ae3d6af16228421e238320846f2aaec8"
  name = "github.com/alecthomas/template"
  packages = [
    ".",
    "parse",
  ]
  pruneopts = ""
  revision = "a0175ee3bccc567396460bf5acd36800cb10c49c"

[[projects]]
  branch = "master"
  digest = "1:8483994d21404c8a1d489f6be756e25bfccd3b45d65821f25695577791a08e68"
  name = "github.com/alecthomas/units"
  packages = ["."]
  pruneopts = ""
  revision = "2efee857e7cfd4f3d0138cc3cbb1b4966962b93a"

[[projects]]
  digest = "1:0deddd908b6b4b768cfc272c16ee61e7088a60f7fe2f06c547bd3d8e1f8b8e77"
  name = "github.com/davecgh/go-spew"
  packages = ["spew"]
  pruneopts = ""
  revision = "8991bc29aa16c548c550c7ff78260e27b9ab7c73"
  version = "v1.1.1"

[[projects]]
  branch = "master"
  digest = "1:24ad67416d884d63c934fea314c74c2531de73b7a58f7d357b81b5a962e14fc2"
  name = "github.com/lestrrat-go/go-jsval"
  packages = [
    ".",
    "builder",
  ]
  pruneopts = ""
  revision = "20277e9befc0257e96a5ceb4901e068ca6e7cab4"

[[projects]]
  branch = "master"
  digest = "1:e5eb5035682fe1151fc07c6bb89607d3fde3da0a0e3742b968e381668f17b5d0"
  name = "github.com/lestrrat-go/jshschema"
  packages = ["."]
  pruneopts = ""
  revision = "8d17a4c5545e11f44f589eab2e6d291b8eb5a710"

[[projects]]
  branch = "master"
  digest = "1:77555b30871145b1a5059a1720eb486bc0ba5c78f37dff0f9d9eb328093a058c"
  name = "github.com/lestrrat-go/jspointer"
  packages = ["."]
  pruneopts = ""
  revision = "82fadba7561c3a8d78133c2b957263c0963bb79d"

[[projects]]
  branch = "master"
  digest = "1:6eba908048cd6f0c45e973410dfd26d35422707f902ad3e3f6aa3cdcee1edb95"
  name = "github.com/lestrrat-go/jsref"
  packages = [
    ".",
    "provider",
  ]
  pruneopts = ""
  revision = "1b590508f37d3af76c77c8328e16978d2889b486"

[[projects]]
  branch = "master"
  digest = "1:8e2536cfc635da706f3cb311e43ad3ff5e7d01ac1f097d0528ebd449678ac80c"
  name = "github.com/lestrrat-go/jsschema"
  packages = ["."]
  pruneopts = ""
  revision = "5c81c58ffcc359c4390d440b45f5462edb0107cb"

[[projects]]
  branch = "master"
  digest = "1:24ad67416d884d63c934fea314c74c2531de73b7a58f7d357b81b5a962e14fc2"
  name = "github.com/lestrrat-go/jsval"
  packages = ["."]
  pruneopts = ""
  revision = "20277e9befc0257e96a5ceb4901e068ca6e7cab4"

[[projects]]
  branch = "master"
  digest = "1:816d40e9baad94fd9318634d17e1203cf8209facd490b966660de4ac72b3358a"
  name = "github.com/lestrrat-go/pdebug"
  packages = ["."]
  pruneopts = ""
  revision = "39f9a71bcabe9432cbdfe4d3d33f41988acd2ce6"

[[projects]]
  branch = "master"
  digest = "1:a91a98d19a8ff47c7475297acc8dd3d3e46d894fbb7437768c11e5f19cf4d2f1"
  name = "github.com/lestrrat-go/structinfo"
  packages = ["."]
  pruneopts = ""
  revision = "acd51874663bf3297433cb1f1015075c3cbe6130"

[[projects]]
  branch = "master"
  digest = "1:3cf9d38bd36427087271ab6ea4ffc234ccd65e1f904339792e4787debb37ea88"
  name = "github.com/pkg/errors"
  packages = ["."]
  pruneopts = ""
  revision = "856c240a51a2bf8fb8269ea7f3f9b046aadde36e"

[[projects]]
  digest = "1:15d017551627c8bb091bde628215b2861bed128855343fdd570c62d08871f6e1"
  name = "gopkg.in/alecthomas/kingpin.v2"
  packages = ["."]
  pruneopts = ""
  revision = "947dcec5ba9c011838740e680966fd7087a71d0d"
  version = "v2.2.6"

[solve-meta]
  analyzer-name = "dep"
  analyzer-version = 1
  input-imports = [
    "github.com/achiku/varfmt",
    "github.com/lestrrat-go/go-jsval",
    "github.com/lestrrat-go/go-jsval/builder",
    "github.com/lestrrat-go/jshschema",
    "github.com/lestrrat-go/jsschema",
    "github.com/lestrrat-go/jsval",
    "github.com/pkg/errors",
    "gopkg.in/alecthomas/kingpin.v2",
  ]
  solver-name = "gps-cdcl"
  solver-version = 1
